// !$*UTF8*$!
{
	archiveVersion = 1;
	classes = {
	};
	objectVersion = 60;
	objects = {

/* Begin PBXBuildFile section */
		A30079C42B143B7200B86848 /* Playground.swift in Sources */ = {isa = PBXBuildFile; fileRef = A30079C32B143B7200B86848 /* Playground.swift */; };
		A314B4E92B2272C6008EE50E /* SearchViewModel.swift in Sources */ = {isa = PBXBuildFile; fileRef = A314B4E82B2272C6008EE50E /* SearchViewModel.swift */; };
		A314B4EC2B227613008EE50E /* Fuse in Frameworks */ = {isa = PBXBuildFile; productRef = A314B4EB2B227613008EE50E /* Fuse */; };
		A32010BA2B0FC59D00F22357 /* PodcastView.swift in Sources */ = {isa = PBXBuildFile; fileRef = A32010B92B0FC59D00F22357 /* PodcastView.swift */; };
		A32010BC2B0FC5AD00F22357 /* PodcastViewModel.swift in Sources */ = {isa = PBXBuildFile; fileRef = A32010BB2B0FC5AD00F22357 /* PodcastViewModel.swift */; };
		A32010C02B0FD64600F22357 /* SponsorViewModel.swift in Sources */ = {isa = PBXBuildFile; fileRef = A32010BF2B0FD64600F22357 /* SponsorViewModel.swift */; };
		A32010C22B0FD65300F22357 /* SponsorView.swift in Sources */ = {isa = PBXBuildFile; fileRef = A32010C12B0FD65300F22357 /* SponsorView.swift */; };
		A32010CA2B12583300F22357 /* TruncateString.swift in Sources */ = {isa = PBXBuildFile; fileRef = A32010C92B12583300F22357 /* TruncateString.swift */; };
		A32010CC2B12665600F22357 /* SponsorListView.swift in Sources */ = {isa = PBXBuildFile; fileRef = A32010CB2B12665500F22357 /* SponsorListView.swift */; };
		A32010D22B129C1800F22357 /* router.swift in Sources */ = {isa = PBXBuildFile; fileRef = A32010D12B129C1800F22357 /* router.swift */; };
		A32010D42B129F7700F22357 /* PodcastListView.swift in Sources */ = {isa = PBXBuildFile; fileRef = A32010D32B129F7700F22357 /* PodcastListView.swift */; };
		A32010D62B12A42F00F22357 /* PodcastDetailSheet.swift in Sources */ = {isa = PBXBuildFile; fileRef = A32010D52B12A42F00F22357 /* PodcastDetailSheet.swift */; };
		A32010D82B12A46400F22357 /* SponsorDetailSheet.swift in Sources */ = {isa = PBXBuildFile; fileRef = A32010D72B12A46400F22357 /* SponsorDetailSheet.swift */; };
		A323E3D82B226C560087291B /* DiscoverView.swift in Sources */ = {isa = PBXBuildFile; fileRef = A323E3D72B226C560087291B /* DiscoverView.swift */; };
		A3263AE92B27879E006C7125 /* PodcastCategory.swift in Sources */ = {isa = PBXBuildFile; fileRef = A3263AE82B27879E006C7125 /* PodcastCategory.swift */; };
		A32898582B2A514A00DD2E23 /* ShineEffect.swift in Sources */ = {isa = PBXBuildFile; fileRef = A32898572B2A514A00DD2E23 /* ShineEffect.swift */; };
		A33EA1AC2B4241490036E4C4 /* UserView.swift in Sources */ = {isa = PBXBuildFile; fileRef = A33EA1AB2B4241490036E4C4 /* UserView.swift */; };
		A33EA1B02B4242790036E4C4 /* SavedOffer.swift in Sources */ = {isa = PBXBuildFile; fileRef = A33EA1AF2B4242790036E4C4 /* SavedOffer.swift */; };
		A34E64C32B1D249800CAB65D /* TestView.swift in Sources */ = {isa = PBXBuildFile; fileRef = A34E64C22B1D249800CAB65D /* TestView.swift */; };
		A3559BDD2B3D06770012C82D /* ExpandableView.swift in Sources */ = {isa = PBXBuildFile; fileRef = A3559BDC2B3D06770012C82D /* ExpandableView.swift */; };
		A356346F2B15C9AE00928A9B /* CategoryView.swift in Sources */ = {isa = PBXBuildFile; fileRef = A356346E2B15C9AE00928A9B /* CategoryView.swift */; };
		A35634722B16794400928A9B /* HomeScreenView.swift in Sources */ = {isa = PBXBuildFile; fileRef = A35634712B16794400928A9B /* HomeScreenView.swift */; };
		A35634742B1679A200928A9B /* PodcastCategoryViewModel.swift in Sources */ = {isa = PBXBuildFile; fileRef = A35634732B1679A200928A9B /* PodcastCategoryViewModel.swift */; };
		A38BEE632B361C6300CDFC81 /* Discover.swift in Sources */ = {isa = PBXBuildFile; fileRef = A38BEE622B361C6300CDFC81 /* Discover.swift */; };
		A38BEE652B3895C900CDFC81 /* QuestionsView.swift in Sources */ = {isa = PBXBuildFile; fileRef = A38BEE642B3895C900CDFC81 /* QuestionsView.swift */; };
		A39C779F2B1E634B0058097F /* LoadingAnimation.swift in Sources */ = {isa = PBXBuildFile; fileRef = A39C779E2B1E634B0058097F /* LoadingAnimation.swift */; };
		A39C77A22B1FA1EE0058097F /* Placeholder.swift in Sources */ = {isa = PBXBuildFile; fileRef = A39C77A12B1FA1EE0058097F /* Placeholder.swift */; };
		A3A2E7042B15527700E8B53C /* GreetingView.swift in Sources */ = {isa = PBXBuildFile; fileRef = A3A2E7032B15527700E8B53C /* GreetingView.swift */; };
		A3A2E7062B15577C00E8B53C /* SponsorCategoryViewModel.swift in Sources */ = {isa = PBXBuildFile; fileRef = A3A2E7052B15577C00E8B53C /* SponsorCategoryViewModel.swift */; };
		A3A45D3E2B181207003EF626 /* PodcastSelectionSheet.swift in Sources */ = {isa = PBXBuildFile; fileRef = A3A45D3D2B181207003EF626 /* PodcastSelectionSheet.swift */; };
		A3A45D402B18F861003EF626 /* comedy.swift in Sources */ = {isa = PBXBuildFile; fileRef = A3A45D3F2B18F861003EF626 /* comedy.swift */; };
		A3A45D432B18FCC3003EF626 /* society.swift in Sources */ = {isa = PBXBuildFile; fileRef = A3A45D422B18FCC3003EF626 /* society.swift */; };
		A3A45D462B192D36003EF626 /* educational.swift in Sources */ = {isa = PBXBuildFile; fileRef = A3A45D452B192D36003EF626 /* educational.swift */; };
		A3A45D482B19432E003EF626 /* sports.swift in Sources */ = {isa = PBXBuildFile; fileRef = A3A45D472B19432E003EF626 /* sports.swift */; };
		A3A45D4A2B1946C2003EF626 /* technology.swift in Sources */ = {isa = PBXBuildFile; fileRef = A3A45D492B1946C2003EF626 /* technology.swift */; };
		A3A45D4C2B194CAD003EF626 /* crime.swift in Sources */ = {isa = PBXBuildFile; fileRef = A3A45D4B2B194CAD003EF626 /* crime.swift */; };
		A3A45D4E2B1AC75E003EF626 /* TrendingSponsors.swift in Sources */ = {isa = PBXBuildFile; fileRef = A3A45D4D2B1AC75E003EF626 /* TrendingSponsors.swift */; };
		A3A6527C2B0BAF9E00AEE068 /* promoninja_iosApp.swift in Sources */ = {isa = PBXBuildFile; fileRef = A3A6527B2B0BAF9E00AEE068 /* promoninja_iosApp.swift */; };
		A3A6527E2B0BAF9E00AEE068 /* ContentView.swift in Sources */ = {isa = PBXBuildFile; fileRef = A3A6527D2B0BAF9E00AEE068 /* ContentView.swift */; };
		A3A652802B0BAF9F00AEE068 /* Assets.xcassets in Resources */ = {isa = PBXBuildFile; fileRef = A3A6527F2B0BAF9F00AEE068 /* Assets.xcassets */; };
		A3A652832B0BAF9F00AEE068 /* Preview Assets.xcassets in Resources */ = {isa = PBXBuildFile; fileRef = A3A652822B0BAF9F00AEE068 /* Preview Assets.xcassets */; };
		A3A6528B2B0BB00D00AEE068 /* Apollo in Frameworks */ = {isa = PBXBuildFile; productRef = A3A6528A2B0BB00D00AEE068 /* Apollo */; };
		A3A652922B0BB73F00AEE068 /* operations.graphql in Resources */ = {isa = PBXBuildFile; fileRef = A3A652912B0BB73F00AEE068 /* operations.graphql */; };
		A3A652942B0BBF7500AEE068 /* schema.graphqls in Resources */ = {isa = PBXBuildFile; fileRef = A3A652932B0BBF7500AEE068 /* schema.graphqls */; };
		A3A652972B0BC06900AEE068 /* PromoninjaSchema in Frameworks */ = {isa = PBXBuildFile; productRef = A3A652962B0BC06900AEE068 /* PromoninjaSchema */; };
		A3A652992B0BC0FF00AEE068 /* Network.swift in Sources */ = {isa = PBXBuildFile; fileRef = A3A652982B0BC0FF00AEE068 /* Network.swift */; };
		A3A6529F2B0C3CBC00AEE068 /* HexColorConverter.swift in Sources */ = {isa = PBXBuildFile; fileRef = A3A6529E2B0C3CBC00AEE068 /* HexColorConverter.swift */; };
		A3B837FD2B2113290078BFE7 /* PopularCreators.swift in Sources */ = {isa = PBXBuildFile; fileRef = A3B837FC2B2113290078BFE7 /* PopularCreators.swift */; };
		A3B838012B2119960078BFE7 /* PopularSponsors.swift in Sources */ = {isa = PBXBuildFile; fileRef = A3B838002B2119960078BFE7 /* PopularSponsors.swift */; };
		A3B838032B211B7B0078BFE7 /* PodcastSlider.swift in Sources */ = {isa = PBXBuildFile; fileRef = A3B838022B211B7B0078BFE7 /* PodcastSlider.swift */; };
		A3B838072B2226D60078BFE7 /* CacheAsyncImage.swift in Sources */ = {isa = PBXBuildFile; fileRef = A3B838062B2226D60078BFE7 /* CacheAsyncImage.swift */; };
		A3B8380C2B225D530078BFE7 /* Nuke in Frameworks */ = {isa = PBXBuildFile; productRef = A3B8380B2B225D530078BFE7 /* Nuke */; };
		A3B8380E2B225D530078BFE7 /* NukeExtensions in Frameworks */ = {isa = PBXBuildFile; productRef = A3B8380D2B225D530078BFE7 /* NukeExtensions */; };
		A3B838102B225D530078BFE7 /* NukeUI in Frameworks */ = {isa = PBXBuildFile; productRef = A3B8380F2B225D530078BFE7 /* NukeUI */; };
		A3C8795B2B26098D00A3F375 /* SetTimeout.swift in Sources */ = {isa = PBXBuildFile; fileRef = A3C8795A2B26098D00A3F375 /* SetTimeout.swift */; };
		A3C879602B2612A500A3F375 /* FadeIn.swift in Sources */ = {isa = PBXBuildFile; fileRef = A3C8795F2B2612A500A3F375 /* FadeIn.swift */; };
		A3DC10312B1E15E200A823C1 /* ToolbarStyle.swift in Sources */ = {isa = PBXBuildFile; fileRef = A3DC10302B1E15E200A823C1 /* ToolbarStyle.swift */; };
		A3DDB5DA2B17C17800EDD43F /* TrendingCreators.swift in Sources */ = {isa = PBXBuildFile; fileRef = A3DDB5D92B17C17800EDD43F /* TrendingCreators.swift */; };
/* End PBXBuildFile section */

/* Begin PBXFileReference section */
		A30079C32B143B7200B86848 /* Playground.swift */ = {isa = PBXFileReference; lastKnownFileType = sourcecode.swift; path = Playground.swift; sourceTree = "<group>"; };
		A314B4E82B2272C6008EE50E /* SearchViewModel.swift */ = {isa = PBXFileReference; lastKnownFileType = sourcecode.swift; path = SearchViewModel.swift; sourceTree = "<group>"; };
		A32010B92B0FC59D00F22357 /* PodcastView.swift */ = {isa = PBXFileReference; lastKnownFileType = sourcecode.swift; path = PodcastView.swift; sourceTree = "<group>"; };
		A32010BB2B0FC5AD00F22357 /* PodcastViewModel.swift */ = {isa = PBXFileReference; lastKnownFileType = sourcecode.swift; path = PodcastViewModel.swift; sourceTree = "<group>"; };
		A32010BF2B0FD64600F22357 /* SponsorViewModel.swift */ = {isa = PBXFileReference; lastKnownFileType = sourcecode.swift; path = SponsorViewModel.swift; sourceTree = "<group>"; };
		A32010C12B0FD65300F22357 /* SponsorView.swift */ = {isa = PBXFileReference; lastKnownFileType = sourcecode.swift; path = SponsorView.swift; sourceTree = "<group>"; };
		A32010C92B12583300F22357 /* TruncateString.swift */ = {isa = PBXFileReference; lastKnownFileType = sourcecode.swift; path = TruncateString.swift; sourceTree = "<group>"; };
		A32010CB2B12665500F22357 /* SponsorListView.swift */ = {isa = PBXFileReference; lastKnownFileType = sourcecode.swift; path = SponsorListView.swift; sourceTree = "<group>"; };
		A32010D12B129C1800F22357 /* router.swift */ = {isa = PBXFileReference; lastKnownFileType = sourcecode.swift; path = router.swift; sourceTree = "<group>"; };
		A32010D32B129F7700F22357 /* PodcastListView.swift */ = {isa = PBXFileReference; lastKnownFileType = sourcecode.swift; path = PodcastListView.swift; sourceTree = "<group>"; };
		A32010D52B12A42F00F22357 /* PodcastDetailSheet.swift */ = {isa = PBXFileReference; lastKnownFileType = sourcecode.swift; path = PodcastDetailSheet.swift; sourceTree = "<group>"; };
		A32010D72B12A46400F22357 /* SponsorDetailSheet.swift */ = {isa = PBXFileReference; lastKnownFileType = sourcecode.swift; path = SponsorDetailSheet.swift; sourceTree = "<group>"; };
		A323E3D72B226C560087291B /* DiscoverView.swift */ = {isa = PBXFileReference; lastKnownFileType = sourcecode.swift; path = DiscoverView.swift; sourceTree = "<group>"; };
		A3263AE82B27879E006C7125 /* PodcastCategory.swift */ = {isa = PBXFileReference; lastKnownFileType = sourcecode.swift; path = PodcastCategory.swift; sourceTree = "<group>"; };
		A32898572B2A514A00DD2E23 /* ShineEffect.swift */ = {isa = PBXFileReference; lastKnownFileType = sourcecode.swift; path = ShineEffect.swift; sourceTree = "<group>"; };
		A33EA1AB2B4241490036E4C4 /* UserView.swift */ = {isa = PBXFileReference; lastKnownFileType = sourcecode.swift; path = UserView.swift; sourceTree = "<group>"; };
		A33EA1AF2B4242790036E4C4 /* SavedOffer.swift */ = {isa = PBXFileReference; lastKnownFileType = sourcecode.swift; path = SavedOffer.swift; sourceTree = "<group>"; };
		A34E64C22B1D249800CAB65D /* TestView.swift */ = {isa = PBXFileReference; lastKnownFileType = sourcecode.swift; path = TestView.swift; sourceTree = "<group>"; };
		A3559BDC2B3D06770012C82D /* ExpandableView.swift */ = {isa = PBXFileReference; lastKnownFileType = sourcecode.swift; path = ExpandableView.swift; sourceTree = "<group>"; };
		A356346E2B15C9AE00928A9B /* CategoryView.swift */ = {isa = PBXFileReference; lastKnownFileType = sourcecode.swift; path = CategoryView.swift; sourceTree = "<group>"; };
		A35634712B16794400928A9B /* HomeScreenView.swift */ = {isa = PBXFileReference; lastKnownFileType = sourcecode.swift; path = HomeScreenView.swift; sourceTree = "<group>"; };
		A35634732B1679A200928A9B /* PodcastCategoryViewModel.swift */ = {isa = PBXFileReference; lastKnownFileType = sourcecode.swift; path = PodcastCategoryViewModel.swift; sourceTree = "<group>"; };
		A38BEE622B361C6300CDFC81 /* Discover.swift */ = {isa = PBXFileReference; fileEncoding = 4; lastKnownFileType = sourcecode.swift; path = Discover.swift; sourceTree = "<group>"; };
		A38BEE642B3895C900CDFC81 /* QuestionsView.swift */ = {isa = PBXFileReference; lastKnownFileType = sourcecode.swift; path = QuestionsView.swift; sourceTree = "<group>"; };
		A39C779E2B1E634B0058097F /* LoadingAnimation.swift */ = {isa = PBXFileReference; lastKnownFileType = sourcecode.swift; path = LoadingAnimation.swift; sourceTree = "<group>"; };
		A39C77A12B1FA1EE0058097F /* Placeholder.swift */ = {isa = PBXFileReference; lastKnownFileType = sourcecode.swift; path = Placeholder.swift; sourceTree = "<group>"; };
		A3A2E7032B15527700E8B53C /* GreetingView.swift */ = {isa = PBXFileReference; lastKnownFileType = sourcecode.swift; path = GreetingView.swift; sourceTree = "<group>"; };
		A3A2E7052B15577C00E8B53C /* SponsorCategoryViewModel.swift */ = {isa = PBXFileReference; lastKnownFileType = sourcecode.swift; path = SponsorCategoryViewModel.swift; sourceTree = "<group>"; };
		A3A45D3D2B181207003EF626 /* PodcastSelectionSheet.swift */ = {isa = PBXFileReference; lastKnownFileType = sourcecode.swift; path = PodcastSelectionSheet.swift; sourceTree = "<group>"; };
		A3A45D3F2B18F861003EF626 /* comedy.swift */ = {isa = PBXFileReference; lastKnownFileType = sourcecode.swift; path = comedy.swift; sourceTree = "<group>"; };
		A3A45D422B18FCC3003EF626 /* society.swift */ = {isa = PBXFileReference; lastKnownFileType = sourcecode.swift; path = society.swift; sourceTree = "<group>"; };
		A3A45D452B192D36003EF626 /* educational.swift */ = {isa = PBXFileReference; lastKnownFileType = sourcecode.swift; path = educational.swift; sourceTree = "<group>"; };
		A3A45D472B19432E003EF626 /* sports.swift */ = {isa = PBXFileReference; lastKnownFileType = sourcecode.swift; path = sports.swift; sourceTree = "<group>"; };
		A3A45D492B1946C2003EF626 /* technology.swift */ = {isa = PBXFileReference; lastKnownFileType = sourcecode.swift; path = technology.swift; sourceTree = "<group>"; };
		A3A45D4B2B194CAD003EF626 /* crime.swift */ = {isa = PBXFileReference; lastKnownFileType = sourcecode.swift; path = crime.swift; sourceTree = "<group>"; };
		A3A45D4D2B1AC75E003EF626 /* TrendingSponsors.swift */ = {isa = PBXFileReference; lastKnownFileType = sourcecode.swift; path = TrendingSponsors.swift; sourceTree = "<group>"; };
		A3A652782B0BAF9E00AEE068 /* promoninja_ios.app */ = {isa = PBXFileReference; explicitFileType = wrapper.application; includeInIndex = 0; path = promoninja_ios.app; sourceTree = BUILT_PRODUCTS_DIR; };
		A3A6527B2B0BAF9E00AEE068 /* promoninja_iosApp.swift */ = {isa = PBXFileReference; lastKnownFileType = sourcecode.swift; path = promoninja_iosApp.swift; sourceTree = "<group>"; };
		A3A6527D2B0BAF9E00AEE068 /* ContentView.swift */ = {isa = PBXFileReference; lastKnownFileType = sourcecode.swift; path = ContentView.swift; sourceTree = "<group>"; };
		A3A6527F2B0BAF9F00AEE068 /* Assets.xcassets */ = {isa = PBXFileReference; lastKnownFileType = folder.assetcatalog; path = Assets.xcassets; sourceTree = "<group>"; };
		A3A652822B0BAF9F00AEE068 /* Preview Assets.xcassets */ = {isa = PBXFileReference; lastKnownFileType = folder.assetcatalog; path = "Preview Assets.xcassets"; sourceTree = "<group>"; };
		A3A652912B0BB73F00AEE068 /* operations.graphql */ = {isa = PBXFileReference; lastKnownFileType = text; path = operations.graphql; sourceTree = "<group>"; };
		A3A652932B0BBF7500AEE068 /* schema.graphqls */ = {isa = PBXFileReference; fileEncoding = 4; lastKnownFileType = text; path = schema.graphqls; sourceTree = "<group>"; };
		A3A652982B0BC0FF00AEE068 /* Network.swift */ = {isa = PBXFileReference; lastKnownFileType = sourcecode.swift; path = Network.swift; sourceTree = "<group>"; };
		A3A6529E2B0C3CBC00AEE068 /* HexColorConverter.swift */ = {isa = PBXFileReference; lastKnownFileType = sourcecode.swift; path = HexColorConverter.swift; sourceTree = "<group>"; };
		A3B837FC2B2113290078BFE7 /* PopularCreators.swift */ = {isa = PBXFileReference; lastKnownFileType = sourcecode.swift; path = PopularCreators.swift; sourceTree = "<group>"; };
		A3B838002B2119960078BFE7 /* PopularSponsors.swift */ = {isa = PBXFileReference; lastKnownFileType = sourcecode.swift; path = PopularSponsors.swift; sourceTree = "<group>"; };
		A3B838022B211B7B0078BFE7 /* PodcastSlider.swift */ = {isa = PBXFileReference; fileEncoding = 4; lastKnownFileType = sourcecode.swift; path = PodcastSlider.swift; sourceTree = "<group>"; };
		A3B838062B2226D60078BFE7 /* CacheAsyncImage.swift */ = {isa = PBXFileReference; lastKnownFileType = sourcecode.swift; path = CacheAsyncImage.swift; sourceTree = "<group>"; };
		A3C8795A2B26098D00A3F375 /* SetTimeout.swift */ = {isa = PBXFileReference; lastKnownFileType = sourcecode.swift; path = SetTimeout.swift; sourceTree = "<group>"; };
		A3C8795F2B2612A500A3F375 /* FadeIn.swift */ = {isa = PBXFileReference; lastKnownFileType = sourcecode.swift; path = FadeIn.swift; sourceTree = "<group>"; };
		A3DC10302B1E15E200A823C1 /* ToolbarStyle.swift */ = {isa = PBXFileReference; lastKnownFileType = sourcecode.swift; path = ToolbarStyle.swift; sourceTree = "<group>"; };
		A3DDB5D92B17C17800EDD43F /* TrendingCreators.swift */ = {isa = PBXFileReference; lastKnownFileType = sourcecode.swift; path = TrendingCreators.swift; sourceTree = "<group>"; };
/* End PBXFileReference section */

/* Begin PBXFrameworksBuildPhase section */
		A3A652752B0BAF9E00AEE068 /* Frameworks */ = {
			isa = PBXFrameworksBuildPhase;
			buildActionMask = 2147483647;
			files = (
				A3B838102B225D530078BFE7 /* NukeUI in Frameworks */,
				A3B8380C2B225D530078BFE7 /* Nuke in Frameworks */,
				A3B8380E2B225D530078BFE7 /* NukeExtensions in Frameworks */,
				A314B4EC2B227613008EE50E /* Fuse in Frameworks */,
				A3A652972B0BC06900AEE068 /* PromoninjaSchema in Frameworks */,
				A3A6528B2B0BB00D00AEE068 /* Apollo in Frameworks */,
			);
			runOnlyForDeploymentPostprocessing = 0;
		};
/* End PBXFrameworksBuildPhase section */

/* Begin PBXGroup section */
		A32010B82B0FC58B00F22357 /* Views */ = {
			isa = PBXGroup;
			children = (
				A33EA1AD2B42414F0036E4C4 /* User */,
				A3559BDB2B3D06430012C82D /* Questions */,
				A323E3D42B226B830087291B /* Search */,
				A35634702B16792800928A9B /* Home */,
				A356346D2B15C99700928A9B /* Category */,
				A3A2E6FE2B154FE600E8B53C /* Discover */,
				A32010BE2B0FD43C00F22357 /* Sponsor */,
				A32010BD2B0FD42E00F22357 /* Podcast */,
				A3B838062B2226D60078BFE7 /* CacheAsyncImage.swift */,
			);
			path = Views;
			sourceTree = "<group>";
		};
		A32010BD2B0FD42E00F22357 /* Podcast */ = {
			isa = PBXGroup;
			children = (
				A32010BB2B0FC5AD00F22357 /* PodcastViewModel.swift */,
				A32010B92B0FC59D00F22357 /* PodcastView.swift */,
				A32010CB2B12665500F22357 /* SponsorListView.swift */,
				A32010D72B12A46400F22357 /* SponsorDetailSheet.swift */,
			);
			path = Podcast;
			sourceTree = "<group>";
		};
		A32010BE2B0FD43C00F22357 /* Sponsor */ = {
			isa = PBXGroup;
			children = (
				A39C77A02B1FA1DB0058097F /* Components */,
				A32010BF2B0FD64600F22357 /* SponsorViewModel.swift */,
				A32010C12B0FD65300F22357 /* SponsorView.swift */,
				A32010D32B129F7700F22357 /* PodcastListView.swift */,
				A32010D52B12A42F00F22357 /* PodcastDetailSheet.swift */,
			);
			path = Sponsor;
			sourceTree = "<group>";
		};
		A32010D02B129C0400F22357 /* Router */ = {
			isa = PBXGroup;
			children = (
				A32010D12B129C1800F22357 /* router.swift */,
			);
			path = Router;
			sourceTree = "<group>";
		};
		A323E3D42B226B830087291B /* Search */ = {
			isa = PBXGroup;
			children = (
				A314B4E82B2272C6008EE50E /* SearchViewModel.swift */,
			);
			path = Search;
			sourceTree = "<group>";
		};
		A33EA1AD2B42414F0036E4C4 /* User */ = {
			isa = PBXGroup;
			children = (
				A33EA1AB2B4241490036E4C4 /* UserView.swift */,
			);
			path = User;
			sourceTree = "<group>";
		};
		A33EA1AE2B4242370036E4C4 /* SwiftData */ = {
			isa = PBXGroup;
			children = (
				A33EA1AF2B4242790036E4C4 /* SavedOffer.swift */,
			);
			path = SwiftData;
			sourceTree = "<group>";
		};
		A3559BDB2B3D06430012C82D /* Questions */ = {
			isa = PBXGroup;
			children = (
				A38BEE642B3895C900CDFC81 /* QuestionsView.swift */,
				A3559BDC2B3D06770012C82D /* ExpandableView.swift */,
			);
			path = Questions;
			sourceTree = "<group>";
		};
		A356346D2B15C99700928A9B /* Category */ = {
			isa = PBXGroup;
			children = (
				A356346E2B15C9AE00928A9B /* CategoryView.swift */,
			);
			path = Category;
			sourceTree = "<group>";
		};
		A35634702B16792800928A9B /* Home */ = {
			isa = PBXGroup;
			children = (
				A3A2E7022B15526800E8B53C /* Components */,
				A35634712B16794400928A9B /* HomeScreenView.swift */,
				A35634732B1679A200928A9B /* PodcastCategoryViewModel.swift */,
			);
			path = Home;
			sourceTree = "<group>";
		};
		A39C77A02B1FA1DB0058097F /* Components */ = {
			isa = PBXGroup;
			children = (
			);
			path = Components;
			sourceTree = "<group>";
		};
		A3A2E6FE2B154FE600E8B53C /* Discover */ = {
			isa = PBXGroup;
			children = (
				A323E3D72B226C560087291B /* DiscoverView.swift */,
				A38BEE622B361C6300CDFC81 /* Discover.swift */,
				A3A2E7052B15577C00E8B53C /* SponsorCategoryViewModel.swift */,
			);
			path = Discover;
			sourceTree = "<group>";
		};
		A3A2E7022B15526800E8B53C /* Components */ = {
			isa = PBXGroup;
			children = (
				A3B837FC2B2113290078BFE7 /* PopularCreators.swift */,
				A3B838022B211B7B0078BFE7 /* PodcastSlider.swift */,
				A3263AE82B27879E006C7125 /* PodcastCategory.swift */,
				A3B838002B2119960078BFE7 /* PopularSponsors.swift */,
				A3A2E7032B15527700E8B53C /* GreetingView.swift */,
				A3A45D3D2B181207003EF626 /* PodcastSelectionSheet.swift */,
			);
			path = Components;
			sourceTree = "<group>";
		};
		A3A45D412B18FC42003EF626 /* Summaries */ = {
			isa = PBXGroup;
			children = (
				A3A45D3F2B18F861003EF626 /* comedy.swift */,
				A3A45D422B18FCC3003EF626 /* society.swift */,
				A3A45D452B192D36003EF626 /* educational.swift */,
				A3A45D492B1946C2003EF626 /* technology.swift */,
				A3A45D472B19432E003EF626 /* sports.swift */,
				A3A45D4B2B194CAD003EF626 /* crime.swift */,
			);
			path = Summaries;
			sourceTree = "<group>";
		};
		A3A6526F2B0BAF9E00AEE068 = {
			isa = PBXGroup;
			children = (
				A34E64C22B1D249800CAB65D /* TestView.swift */,
				A3A6527A2B0BAF9E00AEE068 /* promoninja_ios */,
				A3A652792B0BAF9E00AEE068 /* Products */,
			);
			sourceTree = "<group>";
		};
		A3A652792B0BAF9E00AEE068 /* Products */ = {
			isa = PBXGroup;
			children = (
				A3A652782B0BAF9E00AEE068 /* promoninja_ios.app */,
			);
			name = Products;
			sourceTree = "<group>";
		};
		A3A6527A2B0BAF9E00AEE068 /* promoninja_ios */ = {
			isa = PBXGroup;
			children = (
				A32010D02B129C0400F22357 /* Router */,
				A32010B82B0FC58B00F22357 /* Views */,
				A3A6529D2B0C3C9900AEE068 /* Util */,
				A3A6529A2B0C163400AEE068 /* Data */,
				A3A6528C2B0BB38800AEE068 /* Graphql */,
				A3A6527B2B0BAF9E00AEE068 /* promoninja_iosApp.swift */,
				A3A6527D2B0BAF9E00AEE068 /* ContentView.swift */,
				A3A6527F2B0BAF9F00AEE068 /* Assets.xcassets */,
				A3A652812B0BAF9F00AEE068 /* Preview Content */,
				A30079C32B143B7200B86848 /* Playground.swift */,
			);
			path = promoninja_ios;
			sourceTree = "<group>";
		};
		A3A652812B0BAF9F00AEE068 /* Preview Content */ = {
			isa = PBXGroup;
			children = (
				A3A652822B0BAF9F00AEE068 /* Preview Assets.xcassets */,
			);
			path = "Preview Content";
			sourceTree = "<group>";
		};
		A3A6528C2B0BB38800AEE068 /* Graphql */ = {
			isa = PBXGroup;
			children = (
				A3A652982B0BC0FF00AEE068 /* Network.swift */,
				A3A652932B0BBF7500AEE068 /* schema.graphqls */,
				A3A652912B0BB73F00AEE068 /* operations.graphql */,
			);
			path = Graphql;
			sourceTree = "<group>";
		};
		A3A6529A2B0C163400AEE068 /* Data */ = {
			isa = PBXGroup;
			children = (
				A33EA1AE2B4242370036E4C4 /* SwiftData */,
				A3DDB5D92B17C17800EDD43F /* TrendingCreators.swift */,
				A3A45D4D2B1AC75E003EF626 /* TrendingSponsors.swift */,
				A3A45D412B18FC42003EF626 /* Summaries */,
			);
			path = Data;
			sourceTree = "<group>";
		};
		A3A6529D2B0C3C9900AEE068 /* Util */ = {
			isa = PBXGroup;
			children = (
				A3C8795E2B26125D00A3F375 /* Functions */,
				A3C8795C2B26123B00A3F375 /* Extensions */,
				A39C77A12B1FA1EE0058097F /* Placeholder.swift */,
				A39C779E2B1E634B0058097F /* LoadingAnimation.swift */,
			);
			path = Util;
			sourceTree = "<group>";
		};
		A3C8795C2B26123B00A3F375 /* Extensions */ = {
			isa = PBXGroup;
			children = (
				A3DC10302B1E15E200A823C1 /* ToolbarStyle.swift */,
				A3C8795F2B2612A500A3F375 /* FadeIn.swift */,
				A32010C92B12583300F22357 /* TruncateString.swift */,
				A3A6529E2B0C3CBC00AEE068 /* HexColorConverter.swift */,
				A32898572B2A514A00DD2E23 /* ShineEffect.swift */,
			);
			path = Extensions;
			sourceTree = "<group>";
		};
		A3C8795E2B26125D00A3F375 /* Functions */ = {
			isa = PBXGroup;
			children = (
				A3C8795A2B26098D00A3F375 /* SetTimeout.swift */,
			);
			path = Functions;
			sourceTree = "<group>";
		};
/* End PBXGroup section */

/* Begin PBXNativeTarget section */
		A3A652772B0BAF9E00AEE068 /* promoninja_ios */ = {
			isa = PBXNativeTarget;
			buildConfigurationList = A3A652862B0BAF9F00AEE068 /* Build configuration list for PBXNativeTarget "promoninja_ios" */;
			buildPhases = (
				A3A652742B0BAF9E00AEE068 /* Sources */,
				A3A652752B0BAF9E00AEE068 /* Frameworks */,
				A3A652762B0BAF9E00AEE068 /* Resources */,
			);
			buildRules = (
			);
			dependencies = (
			);
			name = promoninja_ios;
			packageProductDependencies = (
				A3A6528A2B0BB00D00AEE068 /* Apollo */,
				A3A652962B0BC06900AEE068 /* PromoninjaSchema */,
				A3B8380B2B225D530078BFE7 /* Nuke */,
				A3B8380D2B225D530078BFE7 /* NukeExtensions */,
				A3B8380F2B225D530078BFE7 /* NukeUI */,
				A314B4EB2B227613008EE50E /* Fuse */,
			);
			productName = promoninja_ios;
			productReference = A3A652782B0BAF9E00AEE068 /* promoninja_ios.app */;
			productType = "com.apple.product-type.application";
		};
/* End PBXNativeTarget section */

/* Begin PBXProject section */
		A3A652702B0BAF9E00AEE068 /* Project object */ = {
			isa = PBXProject;
			attributes = {
				BuildIndependentTargetsInParallel = 1;
				LastSwiftUpdateCheck = 1500;
				LastUpgradeCheck = 1500;
				TargetAttributes = {
					A3A652772B0BAF9E00AEE068 = {
						CreatedOnToolsVersion = 15.0.1;
					};
				};
			};
			buildConfigurationList = A3A652732B0BAF9E00AEE068 /* Build configuration list for PBXProject "promoninja_ios" */;
			compatibilityVersion = "Xcode 14.0";
			developmentRegion = en;
			hasScannedForEncodings = 0;
			knownRegions = (
				en,
				Base,
			);
			mainGroup = A3A6526F2B0BAF9E00AEE068;
			packageReferences = (
				A3A652892B0BB00D00AEE068 /* XCRemoteSwiftPackageReference "apollo-ios" */,
				A3A652952B0BC06900AEE068 /* XCLocalSwiftPackageReference "promoninjaSchema" */,
				A3B8380A2B225D530078BFE7 /* XCRemoteSwiftPackageReference "Nuke" */,
				A314B4EA2B227613008EE50E /* XCRemoteSwiftPackageReference "fuse-swift" */,
			);
			productRefGroup = A3A652792B0BAF9E00AEE068 /* Products */;
			projectDirPath = "";
			projectRoot = "";
			targets = (
				A3A652772B0BAF9E00AEE068 /* promoninja_ios */,
			);
		};
/* End PBXProject section */

/* Begin PBXResourcesBuildPhase section */
		A3A652762B0BAF9E00AEE068 /* Resources */ = {
			isa = PBXResourcesBuildPhase;
			buildActionMask = 2147483647;
			files = (
				A3A652832B0BAF9F00AEE068 /* Preview Assets.xcassets in Resources */,
				A3A652942B0BBF7500AEE068 /* schema.graphqls in Resources */,
				A3A652802B0BAF9F00AEE068 /* Assets.xcassets in Resources */,
				A3A652922B0BB73F00AEE068 /* operations.graphql in Resources */,
			);
			runOnlyForDeploymentPostprocessing = 0;
		};
/* End PBXResourcesBuildPhase section */

/* Begin PBXSourcesBuildPhase section */
		A3A652742B0BAF9E00AEE068 /* Sources */ = {
			isa = PBXSourcesBuildPhase;
			buildActionMask = 2147483647;
			files = (
				A34E64C32B1D249800CAB65D /* TestView.swift in Sources */,
				A32010CC2B12665600F22357 /* SponsorListView.swift in Sources */,
				A39C77A22B1FA1EE0058097F /* Placeholder.swift in Sources */,
				A3B838032B211B7B0078BFE7 /* PodcastSlider.swift in Sources */,
				A3263AE92B27879E006C7125 /* PodcastCategory.swift in Sources */,
				A3A6527E2B0BAF9E00AEE068 /* ContentView.swift in Sources */,
				A33EA1AC2B4241490036E4C4 /* UserView.swift in Sources */,
				A3A45D482B19432E003EF626 /* sports.swift in Sources */,
				A3DC10312B1E15E200A823C1 /* ToolbarStyle.swift in Sources */,
				A38BEE652B3895C900CDFC81 /* QuestionsView.swift in Sources */,
				A32010C02B0FD64600F22357 /* SponsorViewModel.swift in Sources */,
				A39C779F2B1E634B0058097F /* LoadingAnimation.swift in Sources */,
				A3A6529F2B0C3CBC00AEE068 /* HexColorConverter.swift in Sources */,
				A314B4E92B2272C6008EE50E /* SearchViewModel.swift in Sources */,
				A3A45D4C2B194CAD003EF626 /* crime.swift in Sources */,
				A32010C22B0FD65300F22357 /* SponsorView.swift in Sources */,
				A30079C42B143B7200B86848 /* Playground.swift in Sources */,
				A3A45D4A2B1946C2003EF626 /* technology.swift in Sources */,
				A32010BA2B0FC59D00F22357 /* PodcastView.swift in Sources */,
				A32898582B2A514A00DD2E23 /* ShineEffect.swift in Sources */,
				A3DDB5DA2B17C17800EDD43F /* TrendingCreators.swift in Sources */,
				A3C8795B2B26098D00A3F375 /* SetTimeout.swift in Sources */,
				A3A6527C2B0BAF9E00AEE068 /* promoninja_iosApp.swift in Sources */,
				A33EA1B02B4242790036E4C4 /* SavedOffer.swift in Sources */,
				A3559BDD2B3D06770012C82D /* ExpandableView.swift in Sources */,
				A32010D82B12A46400F22357 /* SponsorDetailSheet.swift in Sources */,
				A323E3D82B226C560087291B /* DiscoverView.swift in Sources */,
				A3A45D462B192D36003EF626 /* educational.swift in Sources */,
				A32010D62B12A42F00F22357 /* PodcastDetailSheet.swift in Sources */,
				A3A45D3E2B181207003EF626 /* PodcastSelectionSheet.swift in Sources */,
				A3B837FD2B2113290078BFE7 /* PopularCreators.swift in Sources */,
				A32010BC2B0FC5AD00F22357 /* PodcastViewModel.swift in Sources */,
				A38BEE632B361C6300CDFC81 /* Discover.swift in Sources */,
				A35634742B1679A200928A9B /* PodcastCategoryViewModel.swift in Sources */,
				A3C879602B2612A500A3F375 /* FadeIn.swift in Sources */,
				A3A45D402B18F861003EF626 /* comedy.swift in Sources */,
				A3A45D432B18FCC3003EF626 /* society.swift in Sources */,
				A35634722B16794400928A9B /* HomeScreenView.swift in Sources */,
				A3A2E7042B15527700E8B53C /* GreetingView.swift in Sources */,
				A356346F2B15C9AE00928A9B /* CategoryView.swift in Sources */,
				A3A2E7062B15577C00E8B53C /* SponsorCategoryViewModel.swift in Sources */,
				A32010CA2B12583300F22357 /* TruncateString.swift in Sources */,
				A3A652992B0BC0FF00AEE068 /* Network.swift in Sources */,
				A3A45D4E2B1AC75E003EF626 /* TrendingSponsors.swift in Sources */,
				A3B838012B2119960078BFE7 /* PopularSponsors.swift in Sources */,
				A32010D42B129F7700F22357 /* PodcastListView.swift in Sources */,
				A32010D22B129C1800F22357 /* router.swift in Sources */,
				A3B838072B2226D60078BFE7 /* CacheAsyncImage.swift in Sources */,
			);
			runOnlyForDeploymentPostprocessing = 0;
		};
/* End PBXSourcesBuildPhase section */

/* Begin XCBuildConfiguration section */
		A3A652842B0BAF9F00AEE068 /* Debug */ = {
			isa = XCBuildConfiguration;
			buildSettings = {
				ALWAYS_SEARCH_USER_PATHS = NO;
				ASSETCATALOG_COMPILER_GENERATE_SWIFT_ASSET_SYMBOL_EXTENSIONS = YES;
				CLANG_ANALYZER_NONNULL = YES;
				CLANG_ANALYZER_NUMBER_OBJECT_CONVERSION = YES_AGGRESSIVE;
				CLANG_CXX_LANGUAGE_STANDARD = "gnu++20";
				CLANG_ENABLE_MODULES = YES;
				CLANG_ENABLE_OBJC_ARC = YES;
				CLANG_ENABLE_OBJC_WEAK = YES;
				CLANG_WARN_BLOCK_CAPTURE_AUTORELEASING = YES;
				CLANG_WARN_BOOL_CONVERSION = YES;
				CLANG_WARN_COMMA = YES;
				CLANG_WARN_CONSTANT_CONVERSION = YES;
				CLANG_WARN_DEPRECATED_OBJC_IMPLEMENTATIONS = YES;
				CLANG_WARN_DIRECT_OBJC_ISA_USAGE = YES_ERROR;
				CLANG_WARN_DOCUMENTATION_COMMENTS = YES;
				CLANG_WARN_EMPTY_BODY = YES;
				CLANG_WARN_ENUM_CONVERSION = YES;
				CLANG_WARN_INFINITE_RECURSION = YES;
				CLANG_WARN_INT_CONVERSION = YES;
				CLANG_WARN_NON_LITERAL_NULL_CONVERSION = YES;
				CLANG_WARN_OBJC_IMPLICIT_RETAIN_SELF = YES;
				CLANG_WARN_OBJC_LITERAL_CONVERSION = YES;
				CLANG_WARN_OBJC_ROOT_CLASS = YES_ERROR;
				CLANG_WARN_QUOTED_INCLUDE_IN_FRAMEWORK_HEADER = YES;
				CLANG_WARN_RANGE_LOOP_ANALYSIS = YES;
				CLANG_WARN_STRICT_PROTOTYPES = YES;
				CLANG_WARN_SUSPICIOUS_MOVE = YES;
				CLANG_WARN_UNGUARDED_AVAILABILITY = YES_AGGRESSIVE;
				CLANG_WARN_UNREACHABLE_CODE = YES;
				CLANG_WARN__DUPLICATE_METHOD_MATCH = YES;
				COPY_PHASE_STRIP = NO;
				DEBUG_INFORMATION_FORMAT = dwarf;
				ENABLE_STRICT_OBJC_MSGSEND = YES;
				ENABLE_TESTABILITY = YES;
				ENABLE_USER_SCRIPT_SANDBOXING = YES;
				GCC_C_LANGUAGE_STANDARD = gnu17;
				GCC_DYNAMIC_NO_PIC = NO;
				GCC_NO_COMMON_BLOCKS = YES;
				GCC_OPTIMIZATION_LEVEL = 0;
				GCC_PREPROCESSOR_DEFINITIONS = (
					"DEBUG=1",
					"$(inherited)",
				);
				GCC_WARN_64_TO_32_BIT_CONVERSION = YES;
				GCC_WARN_ABOUT_RETURN_TYPE = YES_ERROR;
				GCC_WARN_UNDECLARED_SELECTOR = YES;
				GCC_WARN_UNINITIALIZED_AUTOS = YES_AGGRESSIVE;
				GCC_WARN_UNUSED_FUNCTION = YES;
				GCC_WARN_UNUSED_VARIABLE = YES;
				IPHONEOS_DEPLOYMENT_TARGET = 17.0;
				LOCALIZATION_PREFERS_STRING_CATALOGS = YES;
				MTL_ENABLE_DEBUG_INFO = INCLUDE_SOURCE;
				MTL_FAST_MATH = YES;
				ONLY_ACTIVE_ARCH = YES;
				SDKROOT = iphoneos;
				SWIFT_ACTIVE_COMPILATION_CONDITIONS = "DEBUG $(inherited)";
				SWIFT_OPTIMIZATION_LEVEL = "-Onone";
			};
			name = Debug;
		};
		A3A652852B0BAF9F00AEE068 /* Release */ = {
			isa = XCBuildConfiguration;
			buildSettings = {
				ALWAYS_SEARCH_USER_PATHS = NO;
				ASSETCATALOG_COMPILER_GENERATE_SWIFT_ASSET_SYMBOL_EXTENSIONS = YES;
				CLANG_ANALYZER_NONNULL = YES;
				CLANG_ANALYZER_NUMBER_OBJECT_CONVERSION = YES_AGGRESSIVE;
				CLANG_CXX_LANGUAGE_STANDARD = "gnu++20";
				CLANG_ENABLE_MODULES = YES;
				CLANG_ENABLE_OBJC_ARC = YES;
				CLANG_ENABLE_OBJC_WEAK = YES;
				CLANG_WARN_BLOCK_CAPTURE_AUTORELEASING = YES;
				CLANG_WARN_BOOL_CONVERSION = YES;
				CLANG_WARN_COMMA = YES;
				CLANG_WARN_CONSTANT_CONVERSION = YES;
				CLANG_WARN_DEPRECATED_OBJC_IMPLEMENTATIONS = YES;
				CLANG_WARN_DIRECT_OBJC_ISA_USAGE = YES_ERROR;
				CLANG_WARN_DOCUMENTATION_COMMENTS = YES;
				CLANG_WARN_EMPTY_BODY = YES;
				CLANG_WARN_ENUM_CONVERSION = YES;
				CLANG_WARN_INFINITE_RECURSION = YES;
				CLANG_WARN_INT_CONVERSION = YES;
				CLANG_WARN_NON_LITERAL_NULL_CONVERSION = YES;
				CLANG_WARN_OBJC_IMPLICIT_RETAIN_SELF = YES;
				CLANG_WARN_OBJC_LITERAL_CONVERSION = YES;
				CLANG_WARN_OBJC_ROOT_CLASS = YES_ERROR;
				CLANG_WARN_QUOTED_INCLUDE_IN_FRAMEWORK_HEADER = YES;
				CLANG_WARN_RANGE_LOOP_ANALYSIS = YES;
				CLANG_WARN_STRICT_PROTOTYPES = YES;
				CLANG_WARN_SUSPICIOUS_MOVE = YES;
				CLANG_WARN_UNGUARDED_AVAILABILITY = YES_AGGRESSIVE;
				CLANG_WARN_UNREACHABLE_CODE = YES;
				CLANG_WARN__DUPLICATE_METHOD_MATCH = YES;
				COPY_PHASE_STRIP = NO;
				DEBUG_INFORMATION_FORMAT = "dwarf-with-dsym";
				ENABLE_NS_ASSERTIONS = NO;
				ENABLE_STRICT_OBJC_MSGSEND = YES;
				ENABLE_USER_SCRIPT_SANDBOXING = YES;
				GCC_C_LANGUAGE_STANDARD = gnu17;
				GCC_NO_COMMON_BLOCKS = YES;
				GCC_WARN_64_TO_32_BIT_CONVERSION = YES;
				GCC_WARN_ABOUT_RETURN_TYPE = YES_ERROR;
				GCC_WARN_UNDECLARED_SELECTOR = YES;
				GCC_WARN_UNINITIALIZED_AUTOS = YES_AGGRESSIVE;
				GCC_WARN_UNUSED_FUNCTION = YES;
				GCC_WARN_UNUSED_VARIABLE = YES;
				IPHONEOS_DEPLOYMENT_TARGET = 17.0;
				LOCALIZATION_PREFERS_STRING_CATALOGS = YES;
				MTL_ENABLE_DEBUG_INFO = NO;
				MTL_FAST_MATH = YES;
				SDKROOT = iphoneos;
				SWIFT_COMPILATION_MODE = wholemodule;
				VALIDATE_PRODUCT = YES;
			};
			name = Release;
		};
		A3A652872B0BAF9F00AEE068 /* Debug */ = {
			isa = XCBuildConfiguration;
			buildSettings = {
				ASSETCATALOG_COMPILER_APPICON_NAME = AppIcon;
				ASSETCATALOG_COMPILER_GLOBAL_ACCENT_COLOR_NAME = AccentColor;
				CODE_SIGN_STYLE = Automatic;
				CURRENT_PROJECT_VERSION = 1;
				DEVELOPMENT_ASSET_PATHS = "\"promoninja_ios/Preview Content\"";
				DEVELOPMENT_TEAM = 2SP84636VM;
				ENABLE_PREVIEWS = YES;
				GENERATE_INFOPLIST_FILE = YES;
				INFOPLIST_KEY_UIApplicationSceneManifest_Generation = YES;
				INFOPLIST_KEY_UIApplicationSupportsIndirectInputEvents = YES;
				INFOPLIST_KEY_UILaunchScreen_Generation = YES;
				INFOPLIST_KEY_UISupportedInterfaceOrientations_iPad = "UIInterfaceOrientationPortrait UIInterfaceOrientationPortraitUpsideDown UIInterfaceOrientationLandscapeLeft UIInterfaceOrientationLandscapeRight";
				INFOPLIST_KEY_UISupportedInterfaceOrientations_iPhone = "UIInterfaceOrientationPortrait UIInterfaceOrientationLandscapeLeft UIInterfaceOrientationLandscapeRight";
				LD_RUNPATH_SEARCH_PATHS = (
					"$(inherited)",
					"@executable_path/Frameworks",
				);
				MARKETING_VERSION = 1.0;
				OTHER_LIBTOOLFLAGS = "";
				PRODUCT_BUNDLE_IDENTIFIER = "com.amarixdev.promoninja-ios";
				PRODUCT_NAME = "$(TARGET_NAME)";
				SWIFT_EMIT_LOC_STRINGS = YES;
				SWIFT_VERSION = 5.0;
				TARGETED_DEVICE_FAMILY = "1,2";
			};
			name = Debug;
		};
		A3A652882B0BAF9F00AEE068 /* Release */ = {
			isa = XCBuildConfiguration;
			buildSettings = {
				ASSETCATALOG_COMPILER_APPICON_NAME = AppIcon;
				ASSETCATALOG_COMPILER_GLOBAL_ACCENT_COLOR_NAME = AccentColor;
				CODE_SIGN_STYLE = Automatic;
				CURRENT_PROJECT_VERSION = 1;
				DEVELOPMENT_ASSET_PATHS = "\"promoninja_ios/Preview Content\"";
				DEVELOPMENT_TEAM = 2SP84636VM;
				ENABLE_PREVIEWS = YES;
				GENERATE_INFOPLIST_FILE = YES;
				INFOPLIST_KEY_UIApplicationSceneManifest_Generation = YES;
				INFOPLIST_KEY_UIApplicationSupportsIndirectInputEvents = YES;
				INFOPLIST_KEY_UILaunchScreen_Generation = YES;
				INFOPLIST_KEY_UISupportedInterfaceOrientations_iPad = "UIInterfaceOrientationPortrait UIInterfaceOrientationPortraitUpsideDown UIInterfaceOrientationLandscapeLeft UIInterfaceOrientationLandscapeRight";
				INFOPLIST_KEY_UISupportedInterfaceOrientations_iPhone = "UIInterfaceOrientationPortrait UIInterfaceOrientationLandscapeLeft UIInterfaceOrientationLandscapeRight";
				LD_RUNPATH_SEARCH_PATHS = (
					"$(inherited)",
					"@executable_path/Frameworks",
				);
				MARKETING_VERSION = 1.0;
				OTHER_LIBTOOLFLAGS = "";
				PRODUCT_BUNDLE_IDENTIFIER = "com.amarixdev.promoninja-ios";
				PRODUCT_NAME = "$(TARGET_NAME)";
				SWIFT_EMIT_LOC_STRINGS = YES;
				SWIFT_VERSION = 5.0;
				TARGETED_DEVICE_FAMILY = "1,2";
			};
			name = Release;
		};
/* End XCBuildConfiguration section */

/* Begin XCConfigurationList section */
		A3A652732B0BAF9E00AEE068 /* Build configuration list for PBXProject "promoninja_ios" */ = {
			isa = XCConfigurationList;
			buildConfigurations = (
				A3A652842B0BAF9F00AEE068 /* Debug */,
				A3A652852B0BAF9F00AEE068 /* Release */,
			);
			defaultConfigurationIsVisible = 0;
			defaultConfigurationName = Release;
		};
		A3A652862B0BAF9F00AEE068 /* Build configuration list for PBXNativeTarget "promoninja_ios" */ = {
			isa = XCConfigurationList;
			buildConfigurations = (
				A3A652872B0BAF9F00AEE068 /* Debug */,
				A3A652882B0BAF9F00AEE068 /* Release */,
			);
			defaultConfigurationIsVisible = 0;
			defaultConfigurationName = Release;
		};
/* End XCConfigurationList section */

/* Begin XCLocalSwiftPackageReference section */
		A3A652952B0BC06900AEE068 /* XCLocalSwiftPackageReference "promoninjaSchema" */ = {
			isa = XCLocalSwiftPackageReference;
			relativePath = promoninjaSchema;
		};
/* End XCLocalSwiftPackageReference section */

/* Begin XCRemoteSwiftPackageReference section */
		A314B4EA2B227613008EE50E /* XCRemoteSwiftPackageReference "fuse-swift" */ = {
			isa = XCRemoteSwiftPackageReference;
			repositoryURL = "https://github.com/krisk/fuse-swift";
			requirement = {
				kind = upToNextMajorVersion;
				minimumVersion = 1.4.0;
			};
		};
		A3A652892B0BB00D00AEE068 /* XCRemoteSwiftPackageReference "apollo-ios" */ = {
			isa = XCRemoteSwiftPackageReference;
			repositoryURL = "https://github.com/apollographql/apollo-ios.git";
			requirement = {
				kind = upToNextMajorVersion;
				minimumVersion = 1.7.1;
			};
		};
		A3B8380A2B225D530078BFE7 /* XCRemoteSwiftPackageReference "Nuke" */ = {
			isa = XCRemoteSwiftPackageReference;
			repositoryURL = "https://github.com/kean/Nuke";
			requirement = {
				kind = upToNextMajorVersion;
				minimumVersion = 12.2.0;
			};
		};
/* End XCRemoteSwiftPackageReference section */

/* Begin XCSwiftPackageProductDependency section */
		A314B4EB2B227613008EE50E /* Fuse */ = {
			isa = XCSwiftPackageProductDependency;
			package = A314B4EA2B227613008EE50E /* XCRemoteSwiftPackageReference "fuse-swift" */;
			productName = Fuse;
		};
		A3A6528A2B0BB00D00AEE068 /* Apollo */ = {
			isa = XCSwiftPackageProductDependency;
			package = A3A652892B0BB00D00AEE068 /* XCRemoteSwiftPackageReference "apollo-ios" */;
			productName = Apollo;
		};
		A3A652962B0BC06900AEE068 /* PromoninjaSchema */ = {
			isa = XCSwiftPackageProductDependency;
			productName = PromoninjaSchema;
		};
		A3B8380B2B225D530078BFE7 /* Nuke */ = {
			isa = XCSwiftPackageProductDependency;
			package = A3B8380A2B225D530078BFE7 /* XCRemoteSwiftPackageReference "Nuke" */;
			productName = Nuke;
		};
		A3B8380D2B225D530078BFE7 /* NukeExtensions */ = {
			isa = XCSwiftPackageProductDependency;
			package = A3B8380A2B225D530078BFE7 /* XCRemoteSwiftPackageReference "Nuke" */;
			productName = NukeExtensions;
		};
		A3B8380F2B225D530078BFE7 /* NukeUI */ = {
			isa = XCSwiftPackageProductDependency;
			package = A3B8380A2B225D530078BFE7 /* XCRemoteSwiftPackageReference "Nuke" */;
			productName = NukeUI;
		};
/* End XCSwiftPackageProductDependency section */
	};
	rootObject = A3A652702B0BAF9E00AEE068 /* Project object */;
}
